
Microsoft Visual Studio Solution File, Format Version 12.00
# Visual Studio 15
Project("{FAE04EC0-301F-11D3-BF4B-00C04F79EFBC}") = "Assembly-CSharp", "Assembly-CSharp.csproj", "{09D39245-CC95-3469-35B9-5545B6380C31}"
EndProject
Project("{FAE04EC0-301F-11D3-BF4B-00C04F79EFBC}") = "Assembly-CSharp-Editor", "Assembly-CSharp-Editor.csproj", "{2DE1513B-F787-C304-B3C9-93F156CE799E}"
EndProject
Global
	GlobalSection(SolutionConfigurationPlatforms) = preSolution
		Debug|Any CPU = Debug|Any CPU
		Release|Any CPU = Release|Any CPU
	EndGlobalSection
	GlobalSection(ProjectConfigurationPlatforms) = postSolution
		{09D39245-CC95-3469-35B9-5545B6380C31}.Debug|Any CPU.ActiveCfg = Debug|Any CPU
		{09D39245-CC95-3469-35B9-5545B6380C31}.Debug|Any CPU.Build.0 = Debug|Any CPU
		{09D39245-CC95-3469-35B9-5545B6380C31}.Release|Any CPU.ActiveCfg = Release|Any CPU
		{09D39245-CC95-3469-35B9-5545B6380C31}.Release|Any CPU.Build.0 = Release|Any CPU
		{2DE1513B-F787-C304-B3C9-93F156CE799E}.Debug|Any CPU.ActiveCfg = Debug|Any CPU
		{2DE1513B-F787-C304-B3C9-93F156CE799E}.Debug|Any CPU.Build.0 = Debug|Any CPU
		{2DE1513B-F787-C304-B3C9-93F156CE799E}.Release|Any CPU.ActiveCfg = Release|Any CPU
		{2DE1513B-F787-C304-B3C9-93F156CE799E}.Release|Any CPU.Build.0 = Release|Any CPU
	EndGlobalSection
	GlobalSection(SolutionProperties) = preSolution
		HideSolutionNode = FALSE
	EndGlobalSection
EndGlobal
